
Microsoft Visual Studio Solution File, Format Version 12.00
# Visual Studio Version 17
VisualStudioVersion = 17.11.35327.3
MinimumVisualStudioVersion = 10.0.40219.1
Project("{FAE04EC0-301F-11D3-BF4B-00C04F79EFBC}") = "proyectoprogra", "proyectoprogra\proyectoprogra.csproj", "{D6E8BEB9-E84E-477F-B425-40285B822F7B}"
EndProject
Global
	GlobalSection(SolutionConfigurationPlatforms) = preSolution
		Debug|Any CPU = Debug|Any CPU
		Release|Any CPU = Release|Any CPU
	EndGlobalSection
	GlobalSection(ProjectConfigurationPlatforms) = postSolution
		{D6E8BEB9-E84E-477F-B425-40285B822F7B}.Debug|Any CPU.ActiveCfg = Debug|Any CPU
		{D6E8BEB9-E84E-477F-B425-40285B822F7B}.Debug|Any CPU.Build.0 = Debug|Any CPU
		{D6E8BEB9-E84E-477F-B425-40285B822F7B}.Release|Any CPU.ActiveCfg = Release|Any CPU
		{D6E8BEB9-E84E-477F-B425-40285B822F7B}.Release|Any CPU.Build.0 = Release|Any CPU
	EndGlobalSection
	GlobalSection(SolutionProperties) = preSolution
		HideSolutionNode = FALSE
	EndGlobalSection
	GlobalSection(ExtensibilityGlobals) = postSolution
		SolutionGuid = {B8C0BFD0-AD29-4F3F-8813-CF234A5106CB}
	EndGlobalSection
EndGlobal
